{
  "name": "share-desk-gpt",
  "version": "0.1.0",
  "lockfileVersion": 3,
  "requires": true,
  "packages": {
    "": {
      "name": "share-desk-gpt",
      "version": "0.1.0",
      "bin": {
        "share-desk-gpt": "bin/share-desk-gpt.js"
      },
      "engines": {
        "node": ">=22"
      }
    }
  }
}
